# This file is autogenerated, do not edit; changes may be undone by the next 'dep ensure'.


[[projects]]
  name = "github.com/go-stack/stack"
  packages = ["."]
  revision = "259ab82a6cad3992b4e21ff5cac294ccb06474bc"
  version = "v1.7.0"

[[projects]]
  name = "github.com/mongodb/mongo-go-driver"
  packages = ["bson","bson/builder","bson/decimal","bson/elements","bson/objectid","mongo","mongo/connstring","mongo/internal","mongo/internal/auth/gssapi","mongo/internal/feature","mongo/model","mongo/private/auth","mongo/private/cluster","mongo/private/conn","mongo/private/msg","mongo/private/ops","mongo/private/options","mongo/private/server","mongo/readconcern","mongo/readpref","mongo/writeconcern"]
  revision = "4dccfa06a22dc6d6f77c9828e12c8ebb6ec502a4"
  version = "v0.0.2"

[[projects]]
  branch = "master"
  name = "golang.org/x/crypto"
  packages = ["pbkdf2"]
  revision = "d6449816ce06963d9d136eee5a56fca5b0616e7e"

[solve-meta]
  analyzer-name = "dep"
  analyzer-version = 1
  inputs-digest = "f71cf3689ad1cea127caa157d1395a1fb5ba2e0efbdb8ab8cea4821ffa1d4d09"
  solver-name = "gps-cdcl"
  solver-version = 1
